
Microsoft Visual Studio Solution File, Format Version 12.00
# Visual Studio Version 17
VisualStudioVersion = 17.5.33502.453
MinimumVisualStudioVersion = 10.0.40219.1
Project("{FAE04EC0-301F-11D3-BF4B-00C04F79EFBC}") = "WebApplication2", "WebApplication2\WebApplication2.csproj", "{ECB84B27-CCD0-4F02-B0E5-DD6FC6505F7C}"
EndProject
Global
	GlobalSection(SolutionConfigurationPlatforms) = preSolution
		Debug|Any CPU = Debug|Any CPU
		Release|Any CPU = Release|Any CPU
	EndGlobalSection
	GlobalSection(ProjectConfigurationPlatforms) = postSolution
		{ECB84B27-CCD0-4F02-B0E5-DD6FC6505F7C}.Debug|Any CPU.ActiveCfg = Debug|Any CPU
		{ECB84B27-CCD0-4F02-B0E5-DD6FC6505F7C}.Debug|Any CPU.Build.0 = Debug|Any CPU
		{ECB84B27-CCD0-4F02-B0E5-DD6FC6505F7C}.Release|Any CPU.ActiveCfg = Release|Any CPU
		{ECB84B27-CCD0-4F02-B0E5-DD6FC6505F7C}.Release|Any CPU.Build.0 = Release|Any CPU
	EndGlobalSection
	GlobalSection(SolutionProperties) = preSolution
		HideSolutionNode = FALSE
	EndGlobalSection
	GlobalSection(ExtensibilityGlobals) = postSolution
		SolutionGuid = {F7AD490F-2E97-46D6-9770-D60153A6455E}
	EndGlobalSection
EndGlobal
